DEPENDENCIES
  apt
  conjur-client
    git: git@github.com:conjur-cookbooks/conjur-client.git
    revision: f2f9548f57f75c630d79b3bd5499cd8ced75b994
  sshd-service
    git: git@github.com:conjur-cookbooks/sshd-service.git
    revision: 9f403ea685bed65be8fc9256be1de2b707af4140
  terminal-login
    git: git@github.com:conjur-cookbooks/terminal-login.git
    revision: 4b079118adc6057cfbea4efc3acf752c9ada7d8f

GRAPH
  apt (2.3.10)
  build-essential (2.0.2)
  conjur-client (0.3.0)
    build-essential (>= 0.0.0)
  sshd-service (1.1.0)
    apt (>= 0.0.0)
  terminal-login (0.2.1)
    apt (>= 0.0.0)
    conjur-client (>= 0.0.0)
    sshd-service (>= 0.0.0)
